
Microsoft Visual Studio Solution File, Format Version 11.00
# Visual Studio 2010
Project("{8BC9CEB8-8B4A-11D0-8D11-00A0C91BC942}") = "qmlwebsocket", "qmlwebsocket\qmlwebsocket.vcxproj", "{DD6F545A-2D3C-4AA4-A860-697D09D5FBA9}"
EndProject
Project("{2150E333-8FDC-42A3-9474-1A3956D46DE8}") = "Solution Items", "Solution Items", "{80CB66A1-5E7F-47C1-BBD4-8B92A4B98F2B}"
	ProjectSection(SolutionItems) = preProject
		Deploy.props = Deploy.props
		License.txt = License.txt
		README.md = README.md
	EndProjectSection
EndProject
Global
	GlobalSection(SolutionConfigurationPlatforms) = preSolution
		Debug Md|Win32 = Debug Md|Win32
		Release Md|Win32 = Release Md|Win32
	EndGlobalSection
	GlobalSection(ProjectConfigurationPlatforms) = postSolution
		{DD6F545A-2D3C-4AA4-A860-697D09D5FBA9}.Debug Md|Win32.ActiveCfg = Debug|Win32
		{DD6F545A-2D3C-4AA4-A860-697D09D5FBA9}.Debug Md|Win32.Build.0 = Debug|Win32
		{DD6F545A-2D3C-4AA4-A860-697D09D5FBA9}.Release Md|Win32.ActiveCfg = Release|Win32
		{DD6F545A-2D3C-4AA4-A860-697D09D5FBA9}.Release Md|Win32.Build.0 = Release|Win32
	EndGlobalSection
	GlobalSection(SolutionProperties) = preSolution
		HideSolutionNode = FALSE
	EndGlobalSection
	GlobalSection(ExtensibilityGlobals) = postSolution
		QtVersion = $(DefaultQtVersion)
	EndGlobalSection
EndGlobal
